PODS:
  - ABSteppedProgressBar (0.0.3)
  - AFNetworking (2.6.3):
    - AFNetworking/NSURLConnection (= 2.6.3)
    - AFNetworking/NSURLSession (= 2.6.3)
    - AFNetworking/Reachability (= 2.6.3)
    - AFNetworking/Security (= 2.6.3)
    - AFNetworking/Serialization (= 2.6.3)
    - AFNetworking/UIKit (= 2.6.3)
  - AFNetworking/NSURLConnection (2.6.3):
    - AFNetworking/Reachability
    - AFNetworking/Security
    - AFNetworking/Serialization
  - AFNetworking/NSURLSession (2.6.3):
    - AFNetworking/Reachability
    - AFNetworking/Security
    - AFNetworking/Serialization
  - AFNetworking/Reachability (2.6.3)
  - AFNetworking/Security (2.6.3)
  - AFNetworking/Serialization (2.6.3)
  - AFNetworking/UIKit (2.6.3):
    - AFNetworking/NSURLConnection
    - AFNetworking/NSURLSession
  - autoAutoLayout (2.0.2)
  - Bolts/Tasks (1.6.0)
  - CountryPicker (1.2.3)
  - DZNEmptyDataSet (1.7.3)
  - FSCalendar (1.8.2)
  - GMStepper (1.1.0)
  - HCSStarRatingView (1.4.3)
  - ImageSlideshow (0.3):
    - ImageSlideshow/Core (= 0.3)
  - ImageSlideshow/AFURL (0.3):
    - AFNetworking (~> 2.3)
    - ImageSlideshow/Core
  - ImageSlideshow/Core (0.3)
  - IQKeyboardManagerSwift (3.3.4)
  - KBRoundedButton (1.0.4)
  - LGSemiModalNavController (0.2.0)
  - Parse (1.12.0):
    - Bolts/Tasks (~> 1.5)
  - ParseUI (1.2.0):
    - Bolts/Tasks (~> 1.3)
    - Parse (~> 1.9)
  - QIULaunchAnimation (0.0.1)
  - RSKImageCropper (1.5.1)
  - RTIconButton (1.0.0)
  - SwiftDate (3.0.6)
  - SwiftSpinner (0.8.0)
  - SwiftValidator (3.0.3)
  - TextFieldEffects (1.1.1)

DEPENDENCIES:
  - ABSteppedProgressBar (from `https://github.com/brendaaakoh/ABSteppedProgressBar`,
    commit `1057ed8b552e6f1170c0b3164fd53c9a9ee87de9`)
  - autoAutoLayout (~> 2.0)
  - CountryPicker
  - DZNEmptyDataSet
  - FSCalendar
  - GMStepper
  - HCSStarRatingView (~> 1.4.3)
  - ImageSlideshow
  - ImageSlideshow/AFURL
  - IQKeyboardManagerSwift (= 3.3.4)
  - KBRoundedButton
  - LGSemiModalNavController
  - Parse
  - ParseUI
  - QIULaunchAnimation
  - RSKImageCropper
  - RTIconButton
  - SwiftDate (~> 3.0.1)
  - SwiftSpinner
  - SwiftValidator
  - TextFieldEffects

EXTERNAL SOURCES:
  ABSteppedProgressBar:
    :commit: 1057ed8b552e6f1170c0b3164fd53c9a9ee87de9
    :git: https://github.com/brendaaakoh/ABSteppedProgressBar

CHECKOUT OPTIONS:
  ABSteppedProgressBar:
    :commit: 1057ed8b552e6f1170c0b3164fd53c9a9ee87de9
    :git: https://github.com/brendaaakoh/ABSteppedProgressBar

SPEC CHECKSUMS:
  ABSteppedProgressBar: 2f4f51ad45a9610f15fb696e2447482e690210c5
  AFNetworking: cb8d14a848e831097108418f5d49217339d4eb60
  autoAutoLayout: cb00c68262cff287fbf2a3915de43be3395250dd
  Bolts: f52a250053bb517ca874523c3913776359ab3def
  CountryPicker: 6f166e2f1cc250f07eba4c587fbe1c0efc21049b
  DZNEmptyDataSet: dd7cca17c1d07dfa78956859b1e70a52505678ef
  FSCalendar: 5e348e1352f7513096812e4023e39b64b856bb7e
  GMStepper: 3b7922778a80e0eab89a55003ca36b25fc2393b7
  HCSStarRatingView: bada6ae98258c3019531e0218030e2d5ad10765a
  ImageSlideshow: 909390b0688b98a2a3e0148dc5d8e378b848418f
  IQKeyboardManagerSwift: 6f2290d093f5269dc07bdae8bc58e968cf9c4738
  KBRoundedButton: 8fde755b8f1df3ddd3c3c280d9b27ce04ab55d00
  LGSemiModalNavController: ba49f8cbc24638be981cbca8a526f66b5dd90414
  Parse: de2c52a9a1421b91ae7594ab8ce191afd184f19b
  ParseUI: af2eba584799da4a9fbdac0e178662d7438b502e
  QIULaunchAnimation: b979692b9c6e5e487c327d55ac2a39656d68a11d
  RSKImageCropper: edd65fedb3734332818deb139906d6b7f54b8a44
  RTIconButton: 5174ff0555381ff78dd629c038673159f0a50b7b
  SwiftDate: 520c0e7de224c881fe4213caeca72d482ed3d45f
  SwiftSpinner: 11c2c5ec7443d92f3026d3067ca8a91d4adef13f
  SwiftValidator: 0b6a48bf10364411b0d64c97f78665ff87ca9f8b
  TextFieldEffects: a1a78efeb93b65c611ad287b28a068c9a4a5f5b4

COCOAPODS: 0.39.0
