// !$*UTF8*$!
{
	archiveVersion = 1;
	classes = {
	};
	objectVersion = 46;
	objects = {

/* Begin PBXBuildFile section */
		7087D50D1C27D8E90005711E /* ProfileViewController.swift in Sources */ = {isa = PBXBuildFile; fileRef = 7087D50C1C27D8E90005711E /* ProfileViewController.swift */; };
		C1EE6E34C4461D4E0E5AD45D /* Pods.framework in Frameworks */ = {isa = PBXBuildFile; fileRef = 1B5AD10247D09E5AD74690E6 /* Pods.framework */; };
		E110D1DA1C4684F00074CF48 /* Booking.storyboard in Resources */ = {isa = PBXBuildFile; fileRef = E110D1D91C4684F00074CF48 /* Booking.storyboard */; };
		E11461F71C1170B900983BC3 /* AppDelegate.swift in Sources */ = {isa = PBXBuildFile; fileRef = E11461F61C1170B900983BC3 /* AppDelegate.swift */; };
		E11461FE1C1170B900983BC3 /* Main.storyboard in Resources */ = {isa = PBXBuildFile; fileRef = E11461FC1C1170B900983BC3 /* Main.storyboard */; };
		E11462001C1170B900983BC3 /* Assets.xcassets in Resources */ = {isa = PBXBuildFile; fileRef = E11461FF1C1170B900983BC3 /* Assets.xcassets */; };
		E11462031C1170B900983BC3 /* LaunchScreen.storyboard in Resources */ = {isa = PBXBuildFile; fileRef = E11462011C1170B900983BC3 /* LaunchScreen.storyboard */; };
		E114620E1C1170BA00983BC3 /* KnockKnockTests.swift in Sources */ = {isa = PBXBuildFile; fileRef = E114620D1C1170BA00983BC3 /* KnockKnockTests.swift */; };
		E11462191C1170BA00983BC3 /* KnockKnockUITests.swift in Sources */ = {isa = PBXBuildFile; fileRef = E11462181C1170BA00983BC3 /* KnockKnockUITests.swift */; };
		E11AC1FF1C16185400479927 /* Credential.storyboard in Resources */ = {isa = PBXBuildFile; fileRef = E11AC1FE1C16185400479927 /* Credential.storyboard */; };
		E11AC2011C1618A100479927 /* LoginViewController.swift in Sources */ = {isa = PBXBuildFile; fileRef = E11AC2001C1618A100479927 /* LoginViewController.swift */; };
		E11AC20C1C16CD3200479927 /* HomeViewController.swift in Sources */ = {isa = PBXBuildFile; fileRef = E11AC20B1C16CD3200479927 /* HomeViewController.swift */; };
		E11AC21F1C16E0B700479927 /* KnockKnockUtils.swift in Sources */ = {isa = PBXBuildFile; fileRef = E11AC21E1C16E0B700479927 /* KnockKnockUtils.swift */; };
		E11AC2211C16E12C00479927 /* ParseUtils.swift in Sources */ = {isa = PBXBuildFile; fileRef = E11AC2201C16E12C00479927 /* ParseUtils.swift */; };
		E13563501C31A534003DCB6C /* CAPSPageMenu.swift in Sources */ = {isa = PBXBuildFile; fileRef = E135634F1C31A534003DCB6C /* CAPSPageMenu.swift */; };
		E1368CD31C2336AA00A41C6F /* ItiMainViewController.swift in Sources */ = {isa = PBXBuildFile; fileRef = E1368CD21C2336AA00A41C6F /* ItiMainViewController.swift */; };
		E14174F51C3D7E57005E3B9A /* MarketActivityTableViewCell.swift in Sources */ = {isa = PBXBuildFile; fileRef = E14174F41C3D7E57005E3B9A /* MarketActivityTableViewCell.swift */; };
		E159A8301C33DE4200EF80A4 /* PubTableViewCell.swift in Sources */ = {isa = PBXBuildFile; fileRef = E159A82E1C33DE4200EF80A4 /* PubTableViewCell.swift */; };
		E159A8311C33DE4200EF80A4 /* PubTableViewCell.xib in Resources */ = {isa = PBXBuildFile; fileRef = E159A82F1C33DE4200EF80A4 /* PubTableViewCell.xib */; };
		E159A8381C33E9E600EF80A4 /* PubTableViewController.swift in Sources */ = {isa = PBXBuildFile; fileRef = E159A8361C33E9E600EF80A4 /* PubTableViewController.swift */; };
		E159A8391C33E9E600EF80A4 /* PubTableViewController.xib in Resources */ = {isa = PBXBuildFile; fileRef = E159A8371C33E9E600EF80A4 /* PubTableViewController.xib */; };
		E159A83B1C345CE700EF80A4 /* ItiDetailsViewController.swift in Sources */ = {isa = PBXBuildFile; fileRef = E159A83A1C345CE700EF80A4 /* ItiDetailsViewController.swift */; };
		E15BF77C1C3FE191009A3C31 /* ProfileEditViewController.swift in Sources */ = {isa = PBXBuildFile; fileRef = E15BF77B1C3FE191009A3C31 /* ProfileEditViewController.swift */; };
		E15BF77E1C3FE617009A3C31 /* ProfileChangePassViewController.swift in Sources */ = {isa = PBXBuildFile; fileRef = E15BF77D1C3FE617009A3C31 /* ProfileChangePassViewController.swift */; };
		E15BF7801C3FFB6A009A3C31 /* PubDetailsEditViewController.swift in Sources */ = {isa = PBXBuildFile; fileRef = E15BF77F1C3FFB6A009A3C31 /* PubDetailsEditViewController.swift */; };
		E16B357C1C1CC9D4003897EF /* Profile.storyboard in Resources */ = {isa = PBXBuildFile; fileRef = E16B357A1C1CC9D4003897EF /* Profile.storyboard */; };
		E16B357E1C1CCA39003897EF /* Itinerary.storyboard in Resources */ = {isa = PBXBuildFile; fileRef = E16B357D1C1CCA39003897EF /* Itinerary.storyboard */; };
		E16B35861C1CCC65003897EF /* MarketPlace.storyboard in Resources */ = {isa = PBXBuildFile; fileRef = E16B35841C1CCC65003897EF /* MarketPlace.storyboard */; };
		E1751ABB1C273210000A1360 /* Activity.swift in Sources */ = {isa = PBXBuildFile; fileRef = E1751ABA1C273210000A1360 /* Activity.swift */; };
		E1822CE41C27C0C500E78ED6 /* ItiPublishViewController.swift in Sources */ = {isa = PBXBuildFile; fileRef = E1822CE31C27C0C500E78ED6 /* ItiPublishViewController.swift */; };
		E182C1FA1C19D8F100B3DF9B /* ProfilePicViewController.swift in Sources */ = {isa = PBXBuildFile; fileRef = E182C1F91C19D8F100B3DF9B /* ProfilePicViewController.swift */; };
		E187E5441C32E80800E00E5A /* ItiTableViewCell.swift in Sources */ = {isa = PBXBuildFile; fileRef = E187E5421C32E80800E00E5A /* ItiTableViewCell.swift */; };
		E187E5451C32E80800E00E5A /* ItiTableViewCell.xib in Resources */ = {isa = PBXBuildFile; fileRef = E187E5431C32E80800E00E5A /* ItiTableViewCell.xib */; };
		E187E5511C32F29100E00E5A /* ItiTableViewController.swift in Sources */ = {isa = PBXBuildFile; fileRef = E187E5501C32F29100E00E5A /* ItiTableViewController.swift */; };
		E187E5551C32F3A700E00E5A /* ItiTableViewController.xib in Resources */ = {isa = PBXBuildFile; fileRef = E187E5541C32F3A700E00E5A /* ItiTableViewController.xib */; };
		E19FE1761C3D7D74009FAB48 /* Marketplace.swift in Sources */ = {isa = PBXBuildFile; fileRef = E19FE1751C3D7D74009FAB48 /* Marketplace.swift */; };
		E19FE1781C3D7D84009FAB48 /* MarketplaceTableViewCell.swift in Sources */ = {isa = PBXBuildFile; fileRef = E19FE1771C3D7D84009FAB48 /* MarketplaceTableViewCell.swift */; };
		E19FE17C1C3D7D8F009FAB48 /* MarketplaceViewController.swift in Sources */ = {isa = PBXBuildFile; fileRef = E19FE17A1C3D7D8F009FAB48 /* MarketplaceViewController.swift */; };
		E19FE17E1C3D7DA8009FAB48 /* DetailedMarketplaceViewController.swift in Sources */ = {isa = PBXBuildFile; fileRef = E19FE17D1C3D7DA8009FAB48 /* DetailedMarketplaceViewController.swift */; };
		E1B95E441C368F8F00F85B8F /* ActivityDetailsTableViewCell.swift in Sources */ = {isa = PBXBuildFile; fileRef = E1B95E431C368F8F00F85B8F /* ActivityDetailsTableViewCell.swift */; };
		E1B95E461C36C14600F85B8F /* PubDetailsViewController.swift in Sources */ = {isa = PBXBuildFile; fileRef = E1B95E451C36C14600F85B8F /* PubDetailsViewController.swift */; };
		E1C1A6651C1C3635005796E8 /* KnockKnockRule.swift in Sources */ = {isa = PBXBuildFile; fileRef = E1C1A6641C1C3635005796E8 /* KnockKnockRule.swift */; };
		E1CAA7ED1C23E95C00AB4637 /* ItiSummaryViewController.swift in Sources */ = {isa = PBXBuildFile; fileRef = E1CAA7EC1C23E95C00AB4637 /* ItiSummaryViewController.swift */; };
		E1CAA7EF1C24853600AB4637 /* ItiDaysSelectorViewController.swift in Sources */ = {isa = PBXBuildFile; fileRef = E1CAA7EE1C24853600AB4637 /* ItiDaysSelectorViewController.swift */; };
		E1CAA8031C25501900AB4637 /* ItiActivitiesViewController.swift in Sources */ = {isa = PBXBuildFile; fileRef = E1CAA8021C25501900AB4637 /* ItiActivitiesViewController.swift */; };
		E1CAA8051C2554A000AB4637 /* ItiActivityViewController.swift in Sources */ = {isa = PBXBuildFile; fileRef = E1CAA8041C2554A000AB4637 /* ItiActivityViewController.swift */; };
		E1CAA8091C26A7BC00AB4637 /* KnockKnockImageUtils.swift in Sources */ = {isa = PBXBuildFile; fileRef = E1CAA8081C26A7BC00AB4637 /* KnockKnockImageUtils.swift */; };
		E1CAA80B1C27053300AB4637 /* ActivityTableViewCell.swift in Sources */ = {isa = PBXBuildFile; fileRef = E1CAA80A1C27053300AB4637 /* ActivityTableViewCell.swift */; };
		E1E4B43F1C1713D100242A83 /* FBAudienceNetwork.framework in Frameworks */ = {isa = PBXBuildFile; fileRef = E1E4B43A1C1713D100242A83 /* FBAudienceNetwork.framework */; };
		E1E4B4401C1713D100242A83 /* FBSDKCoreKit.framework in Frameworks */ = {isa = PBXBuildFile; fileRef = E1E4B43B1C1713D100242A83 /* FBSDKCoreKit.framework */; };
		E1E4B4411C1713D100242A83 /* FBSDKLoginKit.framework in Frameworks */ = {isa = PBXBuildFile; fileRef = E1E4B43C1C1713D100242A83 /* FBSDKLoginKit.framework */; };
		E1E4B4421C1713D100242A83 /* FBSDKMessengerShareKit.framework in Frameworks */ = {isa = PBXBuildFile; fileRef = E1E4B43D1C1713D100242A83 /* FBSDKMessengerShareKit.framework */; };
		E1E4B4431C1713D100242A83 /* FBSDKShareKit.framework in Frameworks */ = {isa = PBXBuildFile; fileRef = E1E4B43E1C1713D100242A83 /* FBSDKShareKit.framework */; };
		E1E4B4461C17291000242A83 /* ForgetViewController.swift in Sources */ = {isa = PBXBuildFile; fileRef = E1E4B4451C17291000242A83 /* ForgetViewController.swift */; };
		E1E4B44E1C1822F700242A83 /* CountryPicker.bundle in Resources */ = {isa = PBXBuildFile; fileRef = E1E4B44D1C1822F700242A83 /* CountryPicker.bundle */; };
		E1E4B4551C18601100242A83 /* RegisterViewController.swift in Sources */ = {isa = PBXBuildFile; fileRef = E1E4B4541C18601100242A83 /* RegisterViewController.swift */; };
		F601459C1C47A0D80085AC76 /* cross.png in Resources */ = {isa = PBXBuildFile; fileRef = F601459B1C47A0D80085AC76 /* cross.png */; };
		F60DD3711C48B06D00B79F54 /* cross.png in Resources */ = {isa = PBXBuildFile; fileRef = F60DD3701C48B06D00B79F54 /* cross.png */; };
		F6D33E001C44D8DC00F913BB /* BookingViewController.swift in Sources */ = {isa = PBXBuildFile; fileRef = F6D33DFF1C44D8DC00F913BB /* BookingViewController.swift */; };
		F6DC5CB11C47692F00BA6776 /* PendingTableViewCell.swift in Sources */ = {isa = PBXBuildFile; fileRef = F6DC5CAF1C47692F00BA6776 /* PendingTableViewCell.swift */; };
		F6DC5CB21C47692F00BA6776 /* PendingTableViewCell.xib in Resources */ = {isa = PBXBuildFile; fileRef = F6DC5CB01C47692F00BA6776 /* PendingTableViewCell.xib */; };
		F6DC5CB71C4769AC00BA6776 /* ConfirmedTableViewCell.swift in Sources */ = {isa = PBXBuildFile; fileRef = F6DC5CB51C4769AC00BA6776 /* ConfirmedTableViewCell.swift */; };
		F6DC5CB81C4769AC00BA6776 /* ConfirmedTableViewCell.xib in Resources */ = {isa = PBXBuildFile; fileRef = F6DC5CB61C4769AC00BA6776 /* ConfirmedTableViewCell.xib */; };
		F6DC5CBB1C4769EF00BA6776 /* PendingTableViewViewController.swift in Sources */ = {isa = PBXBuildFile; fileRef = F6DC5CB91C4769EF00BA6776 /* PendingTableViewViewController.swift */; };
		F6DC5CBC1C4769EF00BA6776 /* PendingTableViewViewController.xib in Resources */ = {isa = PBXBuildFile; fileRef = F6DC5CBA1C4769EF00BA6776 /* PendingTableViewViewController.xib */; };
		F6DC5CC11C476A5B00BA6776 /* ConfirmedTableViewController.swift in Sources */ = {isa = PBXBuildFile; fileRef = F6DC5CBF1C476A5B00BA6776 /* ConfirmedTableViewController.swift */; };
		F6DC5CC21C476A5B00BA6776 /* ConfirmedTableViewController.xib in Resources */ = {isa = PBXBuildFile; fileRef = F6DC5CC01C476A5B00BA6776 /* ConfirmedTableViewController.xib */; };
		F6DC5CC41C476BA500BA6776 /* MyBookingMainViewController.swift in Sources */ = {isa = PBXBuildFile; fileRef = F6DC5CC31C476BA500BA6776 /* MyBookingMainViewController.swift */; };
/* End PBXBuildFile section */

/* Begin PBXContainerItemProxy section */
		E114620A1C1170B900983BC3 /* PBXContainerItemProxy */ = {
			isa = PBXContainerItemProxy;
			containerPortal = E11461EB1C1170B900983BC3 /* Project object */;
			proxyType = 1;
			remoteGlobalIDString = E11461F21C1170B900983BC3;
			remoteInfo = KnockKnock;
		};
		E11462151C1170BA00983BC3 /* PBXContainerItemProxy */ = {
			isa = PBXContainerItemProxy;
			containerPortal = E11461EB1C1170B900983BC3 /* Project object */;
			proxyType = 1;
			remoteGlobalIDString = E11461F21C1170B900983BC3;
			remoteInfo = KnockKnock;
		};
/* End PBXContainerItemProxy section */

/* Begin PBXFileReference section */
		10AD83D3612BA182A25F67B2 /* Pods.release.xcconfig */ = {isa = PBXFileReference; includeInIndex = 1; lastKnownFileType = text.xcconfig; name = Pods.release.xcconfig; path = "Pods/Target Support Files/Pods/Pods.release.xcconfig"; sourceTree = "<group>"; };
		1B5AD10247D09E5AD74690E6 /* Pods.framework */ = {isa = PBXFileReference; explicitFileType = wrapper.framework; includeInIndex = 0; path = Pods.framework; sourceTree = BUILT_PRODUCTS_DIR; };
		2934923C3E232A836459B32D /* Pods.debug.xcconfig */ = {isa = PBXFileReference; includeInIndex = 1; lastKnownFileType = text.xcconfig; name = Pods.debug.xcconfig; path = "Pods/Target Support Files/Pods/Pods.debug.xcconfig"; sourceTree = "<group>"; };
		7087D50C1C27D8E90005711E /* ProfileViewController.swift */ = {isa = PBXFileReference; fileEncoding = 4; lastKnownFileType = sourcecode.swift; path = ProfileViewController.swift; sourceTree = "<group>"; };
		E110D1D91C4684F00074CF48 /* Booking.storyboard */ = {isa = PBXFileReference; fileEncoding = 4; lastKnownFileType = file.storyboard; path = Booking.storyboard; sourceTree = "<group>"; };
		E11461F31C1170B900983BC3 /* KnockKnock.app */ = {isa = PBXFileReference; explicitFileType = wrapper.application; includeInIndex = 0; path = KnockKnock.app; sourceTree = BUILT_PRODUCTS_DIR; };
		E11461F61C1170B900983BC3 /* AppDelegate.swift */ = {isa = PBXFileReference; lastKnownFileType = sourcecode.swift; path = AppDelegate.swift; sourceTree = "<group>"; };
		E11461FD1C1170B900983BC3 /* Base */ = {isa = PBXFileReference; lastKnownFileType = file.storyboard; name = Base; path = Base.lproj/Main.storyboard; sourceTree = "<group>"; };
		E11461FF1C1170B900983BC3 /* Assets.xcassets */ = {isa = PBXFileReference; lastKnownFileType = folder.assetcatalog; path = Assets.xcassets; sourceTree = "<group>"; };
		E11462021C1170B900983BC3 /* Base */ = {isa = PBXFileReference; lastKnownFileType = file.storyboard; name = Base; path = Base.lproj/LaunchScreen.storyboard; sourceTree = "<group>"; };
		E11462041C1170B900983BC3 /* Info.plist */ = {isa = PBXFileReference; lastKnownFileType = text.plist.xml; path = Info.plist; sourceTree = "<group>"; };
		E11462091C1170B900983BC3 /* KnockKnockTests.xctest */ = {isa = PBXFileReference; explicitFileType = wrapper.cfbundle; includeInIndex = 0; path = KnockKnockTests.xctest; sourceTree = BUILT_PRODUCTS_DIR; };
		E114620D1C1170BA00983BC3 /* KnockKnockTests.swift */ = {isa = PBXFileReference; lastKnownFileType = sourcecode.swift; path = KnockKnockTests.swift; sourceTree = "<group>"; };
		E114620F1C1170BA00983BC3 /* Info.plist */ = {isa = PBXFileReference; lastKnownFileType = text.plist.xml; path = Info.plist; sourceTree = "<group>"; };
		E11462141C1170BA00983BC3 /* KnockKnockUITests.xctest */ = {isa = PBXFileReference; explicitFileType = wrapper.cfbundle; includeInIndex = 0; path = KnockKnockUITests.xctest; sourceTree = BUILT_PRODUCTS_DIR; };
		E11462181C1170BA00983BC3 /* KnockKnockUITests.swift */ = {isa = PBXFileReference; lastKnownFileType = sourcecode.swift; path = KnockKnockUITests.swift; sourceTree = "<group>"; };
		E114621A1C1170BA00983BC3 /* Info.plist */ = {isa = PBXFileReference; lastKnownFileType = text.plist.xml; path = Info.plist; sourceTree = "<group>"; };
		E11AC1FE1C16185400479927 /* Credential.storyboard */ = {isa = PBXFileReference; fileEncoding = 4; lastKnownFileType = file.storyboard; path = Credential.storyboard; sourceTree = "<group>"; };
		E11AC2001C1618A100479927 /* LoginViewController.swift */ = {isa = PBXFileReference; fileEncoding = 4; lastKnownFileType = sourcecode.swift; path = LoginViewController.swift; sourceTree = "<group>"; };
		E11AC20B1C16CD3200479927 /* HomeViewController.swift */ = {isa = PBXFileReference; fileEncoding = 4; lastKnownFileType = sourcecode.swift; path = HomeViewController.swift; sourceTree = "<group>"; };
		E11AC21E1C16E0B700479927 /* KnockKnockUtils.swift */ = {isa = PBXFileReference; fileEncoding = 4; lastKnownFileType = sourcecode.swift; path = KnockKnockUtils.swift; sourceTree = "<group>"; };
		E11AC2201C16E12C00479927 /* ParseUtils.swift */ = {isa = PBXFileReference; fileEncoding = 4; lastKnownFileType = sourcecode.swift; path = ParseUtils.swift; sourceTree = "<group>"; };
		E135634F1C31A534003DCB6C /* CAPSPageMenu.swift */ = {isa = PBXFileReference; fileEncoding = 4; lastKnownFileType = sourcecode.swift; path = CAPSPageMenu.swift; sourceTree = "<group>"; };
		E1368CD21C2336AA00A41C6F /* ItiMainViewController.swift */ = {isa = PBXFileReference; fileEncoding = 4; lastKnownFileType = sourcecode.swift; path = ItiMainViewController.swift; sourceTree = "<group>"; };
		E14174F41C3D7E57005E3B9A /* MarketActivityTableViewCell.swift */ = {isa = PBXFileReference; fileEncoding = 4; lastKnownFileType = sourcecode.swift; path = MarketActivityTableViewCell.swift; sourceTree = "<group>"; };
		E159A82E1C33DE4200EF80A4 /* PubTableViewCell.swift */ = {isa = PBXFileReference; fileEncoding = 4; lastKnownFileType = sourcecode.swift; path = PubTableViewCell.swift; sourceTree = "<group>"; };
		E159A82F1C33DE4200EF80A4 /* PubTableViewCell.xib */ = {isa = PBXFileReference; fileEncoding = 4; lastKnownFileType = file.xib; path = PubTableViewCell.xib; sourceTree = "<group>"; };
		E159A8361C33E9E600EF80A4 /* PubTableViewController.swift */ = {isa = PBXFileReference; fileEncoding = 4; lastKnownFileType = sourcecode.swift; path = PubTableViewController.swift; sourceTree = "<group>"; };
		E159A8371C33E9E600EF80A4 /* PubTableViewController.xib */ = {isa = PBXFileReference; fileEncoding = 4; lastKnownFileType = file.xib; path = PubTableViewController.xib; sourceTree = "<group>"; };
		E159A83A1C345CE700EF80A4 /* ItiDetailsViewController.swift */ = {isa = PBXFileReference; fileEncoding = 4; lastKnownFileType = sourcecode.swift; path = ItiDetailsViewController.swift; sourceTree = "<group>"; };
		E15BF77B1C3FE191009A3C31 /* ProfileEditViewController.swift */ = {isa = PBXFileReference; fileEncoding = 4; lastKnownFileType = sourcecode.swift; path = ProfileEditViewController.swift; sourceTree = "<group>"; };
		E15BF77D1C3FE617009A3C31 /* ProfileChangePassViewController.swift */ = {isa = PBXFileReference; fileEncoding = 4; lastKnownFileType = sourcecode.swift; path = ProfileChangePassViewController.swift; sourceTree = "<group>"; };
		E15BF77F1C3FFB6A009A3C31 /* PubDetailsEditViewController.swift */ = {isa = PBXFileReference; fileEncoding = 4; lastKnownFileType = sourcecode.swift; path = PubDetailsEditViewController.swift; sourceTree = "<group>"; };
		E16B357B1C1CC9D4003897EF /* Base */ = {isa = PBXFileReference; lastKnownFileType = file.storyboard; name = Base; path = Base.lproj/Profile.storyboard; sourceTree = "<group>"; };
		E16B357D1C1CCA39003897EF /* Itinerary.storyboard */ = {isa = PBXFileReference; fileEncoding = 4; lastKnownFileType = file.storyboard; path = Itinerary.storyboard; sourceTree = "<group>"; };
		E16B35851C1CCC65003897EF /* Base */ = {isa = PBXFileReference; lastKnownFileType = file.storyboard; name = Base; path = Base.lproj/MarketPlace.storyboard; sourceTree = "<group>"; };
		E1751ABA1C273210000A1360 /* Activity.swift */ = {isa = PBXFileReference; fileEncoding = 4; lastKnownFileType = sourcecode.swift; path = Activity.swift; sourceTree = "<group>"; };
		E1822CE31C27C0C500E78ED6 /* ItiPublishViewController.swift */ = {isa = PBXFileReference; fileEncoding = 4; lastKnownFileType = sourcecode.swift; path = ItiPublishViewController.swift; sourceTree = "<group>"; };
		E182C1F91C19D8F100B3DF9B /* ProfilePicViewController.swift */ = {isa = PBXFileReference; fileEncoding = 4; lastKnownFileType = sourcecode.swift; path = ProfilePicViewController.swift; sourceTree = "<group>"; };
		E187E5421C32E80800E00E5A /* ItiTableViewCell.swift */ = {isa = PBXFileReference; fileEncoding = 4; lastKnownFileType = sourcecode.swift; path = ItiTableViewCell.swift; sourceTree = "<group>"; };
		E187E5431C32E80800E00E5A /* ItiTableViewCell.xib */ = {isa = PBXFileReference; fileEncoding = 4; lastKnownFileType = file.xib; path = ItiTableViewCell.xib; sourceTree = "<group>"; };
		E187E5501C32F29100E00E5A /* ItiTableViewController.swift */ = {isa = PBXFileReference; fileEncoding = 4; lastKnownFileType = sourcecode.swift; path = ItiTableViewController.swift; sourceTree = "<group>"; };
		E187E5541C32F3A700E00E5A /* ItiTableViewController.xib */ = {isa = PBXFileReference; fileEncoding = 4; lastKnownFileType = file.xib; path = ItiTableViewController.xib; sourceTree = "<group>"; };
		E19FE1751C3D7D74009FAB48 /* Marketplace.swift */ = {isa = PBXFileReference; fileEncoding = 4; lastKnownFileType = sourcecode.swift; path = Marketplace.swift; sourceTree = "<group>"; };
		E19FE1771C3D7D84009FAB48 /* MarketplaceTableViewCell.swift */ = {isa = PBXFileReference; fileEncoding = 4; lastKnownFileType = sourcecode.swift; path = MarketplaceTableViewCell.swift; sourceTree = "<group>"; };
		E19FE17A1C3D7D8F009FAB48 /* MarketplaceViewController.swift */ = {isa = PBXFileReference; fileEncoding = 4; lastKnownFileType = sourcecode.swift; path = MarketplaceViewController.swift; sourceTree = "<group>"; };
		E19FE17D1C3D7DA8009FAB48 /* DetailedMarketplaceViewController.swift */ = {isa = PBXFileReference; fileEncoding = 4; lastKnownFileType = sourcecode.swift; path = DetailedMarketplaceViewController.swift; sourceTree = "<group>"; };
		E1B95E431C368F8F00F85B8F /* ActivityDetailsTableViewCell.swift */ = {isa = PBXFileReference; fileEncoding = 4; lastKnownFileType = sourcecode.swift; path = ActivityDetailsTableViewCell.swift; sourceTree = "<group>"; };
		E1B95E451C36C14600F85B8F /* PubDetailsViewController.swift */ = {isa = PBXFileReference; fileEncoding = 4; lastKnownFileType = sourcecode.swift; path = PubDetailsViewController.swift; sourceTree = "<group>"; };
		E1C1A6641C1C3635005796E8 /* KnockKnockRule.swift */ = {isa = PBXFileReference; fileEncoding = 4; lastKnownFileType = sourcecode.swift; path = KnockKnockRule.swift; sourceTree = "<group>"; };
		E1CAA7EC1C23E95C00AB4637 /* ItiSummaryViewController.swift */ = {isa = PBXFileReference; fileEncoding = 4; lastKnownFileType = sourcecode.swift; path = ItiSummaryViewController.swift; sourceTree = "<group>"; };
		E1CAA7EE1C24853600AB4637 /* ItiDaysSelectorViewController.swift */ = {isa = PBXFileReference; fileEncoding = 4; lastKnownFileType = sourcecode.swift; path = ItiDaysSelectorViewController.swift; sourceTree = "<group>"; };
		E1CAA8021C25501900AB4637 /* ItiActivitiesViewController.swift */ = {isa = PBXFileReference; fileEncoding = 4; lastKnownFileType = sourcecode.swift; path = ItiActivitiesViewController.swift; sourceTree = "<group>"; };
		E1CAA8041C2554A000AB4637 /* ItiActivityViewController.swift */ = {isa = PBXFileReference; fileEncoding = 4; lastKnownFileType = sourcecode.swift; path = ItiActivityViewController.swift; sourceTree = "<group>"; };
		E1CAA8081C26A7BC00AB4637 /* KnockKnockImageUtils.swift */ = {isa = PBXFileReference; fileEncoding = 4; lastKnownFileType = sourcecode.swift; path = KnockKnockImageUtils.swift; sourceTree = "<group>"; };
		E1CAA80A1C27053300AB4637 /* ActivityTableViewCell.swift */ = {isa = PBXFileReference; fileEncoding = 4; lastKnownFileType = sourcecode.swift; path = ActivityTableViewCell.swift; sourceTree = "<group>"; };
		E1E4B43A1C1713D100242A83 /* FBAudienceNetwork.framework */ = {isa = PBXFileReference; lastKnownFileType = wrapper.framework; path = FBAudienceNetwork.framework; sourceTree = "<group>"; };
		E1E4B43B1C1713D100242A83 /* FBSDKCoreKit.framework */ = {isa = PBXFileReference; lastKnownFileType = wrapper.framework; path = FBSDKCoreKit.framework; sourceTree = "<group>"; };
		E1E4B43C1C1713D100242A83 /* FBSDKLoginKit.framework */ = {isa = PBXFileReference; lastKnownFileType = wrapper.framework; path = FBSDKLoginKit.framework; sourceTree = "<group>"; };
		E1E4B43D1C1713D100242A83 /* FBSDKMessengerShareKit.framework */ = {isa = PBXFileReference; lastKnownFileType = wrapper.framework; path = FBSDKMessengerShareKit.framework; sourceTree = "<group>"; };
		E1E4B43E1C1713D100242A83 /* FBSDKShareKit.framework */ = {isa = PBXFileReference; lastKnownFileType = wrapper.framework; path = FBSDKShareKit.framework; sourceTree = "<group>"; };
		E1E4B4451C17291000242A83 /* ForgetViewController.swift */ = {isa = PBXFileReference; fileEncoding = 4; lastKnownFileType = sourcecode.swift; path = ForgetViewController.swift; sourceTree = "<group>"; };
		E1E4B44D1C1822F700242A83 /* CountryPicker.bundle */ = {isa = PBXFileReference; lastKnownFileType = "wrapper.plug-in"; path = CountryPicker.bundle; sourceTree = "<group>"; };
		E1E4B4541C18601100242A83 /* RegisterViewController.swift */ = {isa = PBXFileReference; fileEncoding = 4; lastKnownFileType = sourcecode.swift; path = RegisterViewController.swift; sourceTree = "<group>"; };
		F601459B1C47A0D80085AC76 /* cross.png */ = {isa = PBXFileReference; lastKnownFileType = image.png; name = cross.png; path = ../../../Desktop/cross.png; sourceTree = "<group>"; };
		F60DD3701C48B06D00B79F54 /* cross.png */ = {isa = PBXFileReference; lastKnownFileType = image.png; name = cross.png; path = CountryPicker.bundle/cross.png; sourceTree = "<group>"; };
		F6D33DFF1C44D8DC00F913BB /* BookingViewController.swift */ = {isa = PBXFileReference; fileEncoding = 4; lastKnownFileType = sourcecode.swift; path = BookingViewController.swift; sourceTree = "<group>"; };
		F6DC5CAF1C47692F00BA6776 /* PendingTableViewCell.swift */ = {isa = PBXFileReference; fileEncoding = 4; lastKnownFileType = sourcecode.swift; path = PendingTableViewCell.swift; sourceTree = "<group>"; };
		F6DC5CB01C47692F00BA6776 /* PendingTableViewCell.xib */ = {isa = PBXFileReference; fileEncoding = 4; lastKnownFileType = file.xib; path = PendingTableViewCell.xib; sourceTree = "<group>"; };
		F6DC5CB51C4769AC00BA6776 /* ConfirmedTableViewCell.swift */ = {isa = PBXFileReference; fileEncoding = 4; lastKnownFileType = sourcecode.swift; path = ConfirmedTableViewCell.swift; sourceTree = "<group>"; };
		F6DC5CB61C4769AC00BA6776 /* ConfirmedTableViewCell.xib */ = {isa = PBXFileReference; fileEncoding = 4; lastKnownFileType = file.xib; path = ConfirmedTableViewCell.xib; sourceTree = "<group>"; };
		F6DC5CB91C4769EF00BA6776 /* PendingTableViewViewController.swift */ = {isa = PBXFileReference; fileEncoding = 4; lastKnownFileType = sourcecode.swift; path = PendingTableViewViewController.swift; sourceTree = "<group>"; };
		F6DC5CBA1C4769EF00BA6776 /* PendingTableViewViewController.xib */ = {isa = PBXFileReference; fileEncoding = 4; lastKnownFileType = file.xib; path = PendingTableViewViewController.xib; sourceTree = "<group>"; };
		F6DC5CBF1C476A5B00BA6776 /* ConfirmedTableViewController.swift */ = {isa = PBXFileReference; fileEncoding = 4; lastKnownFileType = sourcecode.swift; path = ConfirmedTableViewController.swift; sourceTree = "<group>"; };
		F6DC5CC01C476A5B00BA6776 /* ConfirmedTableViewController.xib */ = {isa = PBXFileReference; fileEncoding = 4; lastKnownFileType = file.xib; path = ConfirmedTableViewController.xib; sourceTree = "<group>"; };
		F6DC5CC31C476BA500BA6776 /* MyBookingMainViewController.swift */ = {isa = PBXFileReference; fileEncoding = 4; lastKnownFileType = sourcecode.swift; path = MyBookingMainViewController.swift; sourceTree = "<group>"; };
/* End PBXFileReference section */

/* Begin PBXFrameworksBuildPhase section */
		E11461F01C1170B900983BC3 /* Frameworks */ = {
			isa = PBXFrameworksBuildPhase;
			buildActionMask = 2147483647;
			files = (
				C1EE6E34C4461D4E0E5AD45D /* Pods.framework in Frameworks */,
				E1E4B4401C1713D100242A83 /* FBSDKCoreKit.framework in Frameworks */,
				E1E4B4431C1713D100242A83 /* FBSDKShareKit.framework in Frameworks */,
				E1E4B4421C1713D100242A83 /* FBSDKMessengerShareKit.framework in Frameworks */,
				E1E4B4411C1713D100242A83 /* FBSDKLoginKit.framework in Frameworks */,
				E1E4B43F1C1713D100242A83 /* FBAudienceNetwork.framework in Frameworks */,
			);
			runOnlyForDeploymentPostprocessing = 0;
		};
		E11462061C1170B900983BC3 /* Frameworks */ = {
			isa = PBXFrameworksBuildPhase;
			buildActionMask = 2147483647;
			files = (
			);
			runOnlyForDeploymentPostprocessing = 0;
		};
		E11462111C1170BA00983BC3 /* Frameworks */ = {
			isa = PBXFrameworksBuildPhase;
			buildActionMask = 2147483647;
			files = (
			);
			runOnlyForDeploymentPostprocessing = 0;
		};
/* End PBXFrameworksBuildPhase section */

/* Begin PBXGroup section */
		1FC0953E9B3142977B84D47F /* Pods */ = {
			isa = PBXGroup;
			children = (
				2934923C3E232A836459B32D /* Pods.debug.xcconfig */,
				10AD83D3612BA182A25F67B2 /* Pods.release.xcconfig */,
			);
			name = Pods;
			sourceTree = "<group>";
		};
		547C72A766A57714E8C3C0A8 /* Frameworks */ = {
			isa = PBXGroup;
			children = (
				E1E4B4441C1713D300242A83 /* FBSDK */,
				1B5AD10247D09E5AD74690E6 /* Pods.framework */,
			);
			name = Frameworks;
			sourceTree = "<group>";
		};
		E11461EA1C1170B900983BC3 = {
			isa = PBXGroup;
			children = (
				E11461F51C1170B900983BC3 /* KnockKnock */,
				E114620C1C1170B900983BC3 /* KnockKnockTests */,
				E11462171C1170BA00983BC3 /* KnockKnockUITests */,
				E11461F41C1170B900983BC3 /* Products */,
				1FC0953E9B3142977B84D47F /* Pods */,
				547C72A766A57714E8C3C0A8 /* Frameworks */,
			);
			sourceTree = "<group>";
		};
		E11461F41C1170B900983BC3 /* Products */ = {
			isa = PBXGroup;
			children = (
				E11461F31C1170B900983BC3 /* KnockKnock.app */,
				E11462091C1170B900983BC3 /* KnockKnockTests.xctest */,
				E11462141C1170BA00983BC3 /* KnockKnockUITests.xctest */,
			);
			name = Products;
			sourceTree = "<group>";
		};
		E11461F51C1170B900983BC3 /* KnockKnock */ = {
			isa = PBXGroup;
			children = (
				E187E5391C32E48700E00E5A /* ExtLib */,
				E1CAA80C1C27129400AB4637 /* Entity */,
				E1CAA8011C254F9A00AB4637 /* ViewCell */,
				E1E4B44F1C18230A00242A83 /* Resources */,
				E11AC20D1C16DD3A00479927 /* Utilities */,
				E11AC2081C16244900479927 /* ViewControllers */,
				E11AC2071C16242C00479927 /* StoryBoards */,
				E11461F61C1170B900983BC3 /* AppDelegate.swift */,
				E11461FF1C1170B900983BC3 /* Assets.xcassets */,
				E11462041C1170B900983BC3 /* Info.plist */,
			);
			path = KnockKnock;
			sourceTree = "<group>";
		};
		E114620C1C1170B900983BC3 /* KnockKnockTests */ = {
			isa = PBXGroup;
			children = (
				E114620D1C1170BA00983BC3 /* KnockKnockTests.swift */,
				E114620F1C1170BA00983BC3 /* Info.plist */,
			);
			path = KnockKnockTests;
			sourceTree = "<group>";
		};
		E11462171C1170BA00983BC3 /* KnockKnockUITests */ = {
			isa = PBXGroup;
			children = (
				E11462181C1170BA00983BC3 /* KnockKnockUITests.swift */,
				E114621A1C1170BA00983BC3 /* Info.plist */,
			);
			path = KnockKnockUITests;
			sourceTree = "<group>";
		};
		E11AC2061C16241600479927 /* CustomUI */ = {
			isa = PBXGroup;
			children = (
				E187E5421C32E80800E00E5A /* ItiTableViewCell.swift */,
				E187E5431C32E80800E00E5A /* ItiTableViewCell.xib */,
				E187E5501C32F29100E00E5A /* ItiTableViewController.swift */,
				E187E5541C32F3A700E00E5A /* ItiTableViewController.xib */,
				E159A82E1C33DE4200EF80A4 /* PubTableViewCell.swift */,
				E159A82F1C33DE4200EF80A4 /* PubTableViewCell.xib */,
				E159A8361C33E9E600EF80A4 /* PubTableViewController.swift */,
				E159A8371C33E9E600EF80A4 /* PubTableViewController.xib */,
			);
			name = CustomUI;
			sourceTree = "<group>";
		};
		E11AC2071C16242C00479927 /* StoryBoards */ = {
			isa = PBXGroup;
			children = (
				E11461FC1C1170B900983BC3 /* Main.storyboard */,
				E110D1D91C4684F00074CF48 /* Booking.storyboard */,
				E16B35841C1CCC65003897EF /* MarketPlace.storyboard */,
				E16B357D1C1CCA39003897EF /* Itinerary.storyboard */,
				E16B357A1C1CC9D4003897EF /* Profile.storyboard */,
				E11AC1FE1C16185400479927 /* Credential.storyboard */,
				E11462011C1170B900983BC3 /* LaunchScreen.storyboard */,
			);
			name = StoryBoards;
			sourceTree = "<group>";
		};
		E11AC2081C16244900479927 /* ViewControllers */ = {
			isa = PBXGroup;
			children = (
				F6DC5CAB1C47683B00BA6776 /* MyBooking */,
				E14174F61C3D7E8A005E3B9A /* MarketPlace */,
				E1A7DA941C3CB14900759A8F /* Itinerary */,
				E11AC2001C1618A100479927 /* LoginViewController.swift */,
				E11AC20B1C16CD3200479927 /* HomeViewController.swift */,
				E1E4B4451C17291000242A83 /* ForgetViewController.swift */,
				E1E4B4541C18601100242A83 /* RegisterViewController.swift */,
				E182C1F91C19D8F100B3DF9B /* ProfilePicViewController.swift */,
				7087D50C1C27D8E90005711E /* ProfileViewController.swift */,
				E15BF77B1C3FE191009A3C31 /* ProfileEditViewController.swift */,
				E15BF77D1C3FE617009A3C31 /* ProfileChangePassViewController.swift */,
			);
			name = ViewControllers;
			sourceTree = "<group>";
		};
		E11AC20D1C16DD3A00479927 /* Utilities */ = {
			isa = PBXGroup;
			children = (
				E11AC21E1C16E0B700479927 /* KnockKnockUtils.swift */,
				E11AC2201C16E12C00479927 /* ParseUtils.swift */,
				E1C1A6641C1C3635005796E8 /* KnockKnockRule.swift */,
				E1CAA8081C26A7BC00AB4637 /* KnockKnockImageUtils.swift */,
			);
			name = Utilities;
			sourceTree = "<group>";
		};
		E14174F61C3D7E8A005E3B9A /* MarketPlace */ = {
			isa = PBXGroup;
			children = (
				E19FE17D1C3D7DA8009FAB48 /* DetailedMarketplaceViewController.swift */,
				E19FE17A1C3D7D8F009FAB48 /* MarketplaceViewController.swift */,
				F6D33DFF1C44D8DC00F913BB /* BookingViewController.swift */,
			);
			name = MarketPlace;
			sourceTree = "<group>";
		};
		E187E5391C32E48700E00E5A /* ExtLib */ = {
			isa = PBXGroup;
			children = (
				E135634F1C31A534003DCB6C /* CAPSPageMenu.swift */,
			);
			name = ExtLib;
			sourceTree = "<group>";
		};
		E1A7DA941C3CB14900759A8F /* Itinerary */ = {
			isa = PBXGroup;
			children = (
				E11AC2061C16241600479927 /* CustomUI */,
				E1368CD21C2336AA00A41C6F /* ItiMainViewController.swift */,
				E1CAA7EC1C23E95C00AB4637 /* ItiSummaryViewController.swift */,
				E1CAA7EE1C24853600AB4637 /* ItiDaysSelectorViewController.swift */,
				E1CAA8021C25501900AB4637 /* ItiActivitiesViewController.swift */,
				E1CAA8041C2554A000AB4637 /* ItiActivityViewController.swift */,
				E1822CE31C27C0C500E78ED6 /* ItiPublishViewController.swift */,
				E159A83A1C345CE700EF80A4 /* ItiDetailsViewController.swift */,
				E1B95E451C36C14600F85B8F /* PubDetailsViewController.swift */,
				E15BF77F1C3FFB6A009A3C31 /* PubDetailsEditViewController.swift */,
			);
			name = Itinerary;
			sourceTree = "<group>";
		};
		E1CAA8011C254F9A00AB4637 /* ViewCell */ = {
			isa = PBXGroup;
			children = (
				E1CAA80A1C27053300AB4637 /* ActivityTableViewCell.swift */,
				E19FE1771C3D7D84009FAB48 /* MarketplaceTableViewCell.swift */,
				E1B95E431C368F8F00F85B8F /* ActivityDetailsTableViewCell.swift */,
				E14174F41C3D7E57005E3B9A /* MarketActivityTableViewCell.swift */,
			);
			name = ViewCell;
			sourceTree = "<group>";
		};
		E1CAA80C1C27129400AB4637 /* Entity */ = {
			isa = PBXGroup;
			children = (
				E19FE1751C3D7D74009FAB48 /* Marketplace.swift */,
				E1751ABA1C273210000A1360 /* Activity.swift */,
			);
			name = Entity;
			sourceTree = "<group>";
		};
		E1E4B4441C1713D300242A83 /* FBSDK */ = {
			isa = PBXGroup;
			children = (
				E1E4B43A1C1713D100242A83 /* FBAudienceNetwork.framework */,
				E1E4B43B1C1713D100242A83 /* FBSDKCoreKit.framework */,
				E1E4B43C1C1713D100242A83 /* FBSDKLoginKit.framework */,
				E1E4B43D1C1713D100242A83 /* FBSDKMessengerShareKit.framework */,
				E1E4B43E1C1713D100242A83 /* FBSDKShareKit.framework */,
			);
			name = FBSDK;
			sourceTree = "<group>";
		};
		E1E4B44F1C18230A00242A83 /* Resources */ = {
			isa = PBXGroup;
			children = (
				F60DD3701C48B06D00B79F54 /* cross.png */,
				E1E4B44D1C1822F700242A83 /* CountryPicker.bundle */,
			);
			name = Resources;
			sourceTree = "<group>";
		};
		F6DC5CAB1C47683B00BA6776 /* MyBooking */ = {
			isa = PBXGroup;
			children = (
				F6DC5CAC1C47684A00BA6776 /* CustomUI */,
				F6DC5CC31C476BA500BA6776 /* MyBookingMainViewController.swift */,
			);
			name = MyBooking;
			sourceTree = "<group>";
		};
		F6DC5CAC1C47684A00BA6776 /* CustomUI */ = {
			isa = PBXGroup;
			children = (
				F6DC5CAF1C47692F00BA6776 /* PendingTableViewCell.swift */,
				F6DC5CB01C47692F00BA6776 /* PendingTableViewCell.xib */,
				F601459B1C47A0D80085AC76 /* cross.png */,
				F6DC5CB51C4769AC00BA6776 /* ConfirmedTableViewCell.swift */,
				F6DC5CB61C4769AC00BA6776 /* ConfirmedTableViewCell.xib */,
				F6DC5CB91C4769EF00BA6776 /* PendingTableViewViewController.swift */,
				F6DC5CBA1C4769EF00BA6776 /* PendingTableViewViewController.xib */,
				F6DC5CBF1C476A5B00BA6776 /* ConfirmedTableViewController.swift */,
				F6DC5CC01C476A5B00BA6776 /* ConfirmedTableViewController.xib */,
			);
			name = CustomUI;
			sourceTree = "<group>";
		};
/* End PBXGroup section */

/* Begin PBXNativeTarget section */
		E11461F21C1170B900983BC3 /* KnockKnock */ = {
			isa = PBXNativeTarget;
			buildConfigurationList = E114621D1C1170BA00983BC3 /* Build configuration list for PBXNativeTarget "KnockKnock" */;
			buildPhases = (
				D78FFC5F91B364A02FF3D7CA /* Check Pods Manifest.lock */,
				E11461EF1C1170B900983BC3 /* Sources */,
				E11461F01C1170B900983BC3 /* Frameworks */,
				E11461F11C1170B900983BC3 /* Resources */,
				17C54483565DAA0C6BB28C84 /* Embed Pods Frameworks */,
				3B45E1174D23CE4184863207 /* Copy Pods Resources */,
			);
			buildRules = (
			);
			dependencies = (
			);
			name = KnockKnock;
			productName = KnockKnock;
			productReference = E11461F31C1170B900983BC3 /* KnockKnock.app */;
			productType = "com.apple.product-type.application";
		};
		E11462081C1170B900983BC3 /* KnockKnockTests */ = {
			isa = PBXNativeTarget;
			buildConfigurationList = E11462201C1170BA00983BC3 /* Build configuration list for PBXNativeTarget "KnockKnockTests" */;
			buildPhases = (
				E11462051C1170B900983BC3 /* Sources */,
				E11462061C1170B900983BC3 /* Frameworks */,
				E11462071C1170B900983BC3 /* Resources */,
			);
			buildRules = (
			);
			dependencies = (
				E114620B1C1170B900983BC3 /* PBXTargetDependency */,
			);
			name = KnockKnockTests;
			productName = KnockKnockTests;
			productReference = E11462091C1170B900983BC3 /* KnockKnockTests.xctest */;
			productType = "com.apple.product-type.bundle.unit-test";
		};
		E11462131C1170BA00983BC3 /* KnockKnockUITests */ = {
			isa = PBXNativeTarget;
			buildConfigurationList = E11462231C1170BA00983BC3 /* Build configuration list for PBXNativeTarget "KnockKnockUITests" */;
			buildPhases = (
				E11462101C1170BA00983BC3 /* Sources */,
				E11462111C1170BA00983BC3 /* Frameworks */,
				E11462121C1170BA00983BC3 /* Resources */,
			);
			buildRules = (
			);
			dependencies = (
				E11462161C1170BA00983BC3 /* PBXTargetDependency */,
			);
			name = KnockKnockUITests;
			productName = KnockKnockUITests;
			productReference = E11462141C1170BA00983BC3 /* KnockKnockUITests.xctest */;
			productType = "com.apple.product-type.bundle.ui-testing";
		};
/* End PBXNativeTarget section */

/* Begin PBXProject section */
		E11461EB1C1170B900983BC3 /* Project object */ = {
			isa = PBXProject;
			attributes = {
				LastSwiftUpdateCheck = 0720;
				LastUpgradeCheck = 0710;
				ORGANIZATIONNAME = Gen6;
				TargetAttributes = {
					E11461F21C1170B900983BC3 = {
						CreatedOnToolsVersion = 7.1.1;
						DevelopmentTeam = 7F392F8CBL;
						SystemCapabilities = {
							com.apple.Maps.iOS = {
								enabled = 0;
							};
						};
					};
					E11462081C1170B900983BC3 = {
						CreatedOnToolsVersion = 7.1.1;
						DevelopmentTeam = 7F392F8CBL;
						TestTargetID = E11461F21C1170B900983BC3;
					};
					E11462131C1170BA00983BC3 = {
						CreatedOnToolsVersion = 7.1.1;
						DevelopmentTeam = 7F392F8CBL;
						TestTargetID = E11461F21C1170B900983BC3;
					};
				};
			};
			buildConfigurationList = E11461EE1C1170B900983BC3 /* Build configuration list for PBXProject "KnockKnock" */;
			compatibilityVersion = "Xcode 3.2";
			developmentRegion = English;
			hasScannedForEncodings = 0;
			knownRegions = (
				en,
				Base,
			);
			mainGroup = E11461EA1C1170B900983BC3;
			productRefGroup = E11461F41C1170B900983BC3 /* Products */;
			projectDirPath = "";
			projectRoot = "";
			targets = (
				E11461F21C1170B900983BC3 /* KnockKnock */,
				E11462081C1170B900983BC3 /* KnockKnockTests */,
				E11462131C1170BA00983BC3 /* KnockKnockUITests */,
			);
		};
/* End PBXProject section */

/* Begin PBXResourcesBuildPhase section */
		E11461F11C1170B900983BC3 /* Resources */ = {
			isa = PBXResourcesBuildPhase;
			buildActionMask = 2147483647;
			files = (
				E187E5551C32F3A700E00E5A /* ItiTableViewController.xib in Resources */,
				F6DC5CB21C47692F00BA6776 /* PendingTableViewCell.xib in Resources */,
				E159A8391C33E9E600EF80A4 /* PubTableViewController.xib in Resources */,
				E16B357E1C1CCA39003897EF /* Itinerary.storyboard in Resources */,
				F6DC5CB81C4769AC00BA6776 /* ConfirmedTableViewCell.xib in Resources */,
				F6DC5CC21C476A5B00BA6776 /* ConfirmedTableViewController.xib in Resources */,
				F601459C1C47A0D80085AC76 /* cross.png in Resources */,
				E159A8311C33DE4200EF80A4 /* PubTableViewCell.xib in Resources */,
				E11462031C1170B900983BC3 /* LaunchScreen.storyboard in Resources */,
				E11462001C1170B900983BC3 /* Assets.xcassets in Resources */,
				F60DD3711C48B06D00B79F54 /* cross.png in Resources */,
				E11461FE1C1170B900983BC3 /* Main.storyboard in Resources */,
				E110D1DA1C4684F00074CF48 /* Booking.storyboard in Resources */,
				E1E4B44E1C1822F700242A83 /* CountryPicker.bundle in Resources */,
				E16B357C1C1CC9D4003897EF /* Profile.storyboard in Resources */,
				E187E5451C32E80800E00E5A /* ItiTableViewCell.xib in Resources */,
				E16B35861C1CCC65003897EF /* MarketPlace.storyboard in Resources */,
				F6DC5CBC1C4769EF00BA6776 /* PendingTableViewViewController.xib in Resources */,
				E11AC1FF1C16185400479927 /* Credential.storyboard in Resources */,
			);
			runOnlyForDeploymentPostprocessing = 0;
		};
		E11462071C1170B900983BC3 /* Resources */ = {
			isa = PBXResourcesBuildPhase;
			buildActionMask = 2147483647;
			files = (
			);
			runOnlyForDeploymentPostprocessing = 0;
		};
		E11462121C1170BA00983BC3 /* Resources */ = {
			isa = PBXResourcesBuildPhase;
			buildActionMask = 2147483647;
			files = (
			);
			runOnlyForDeploymentPostprocessing = 0;
		};
/* End PBXResourcesBuildPhase section */

/* Begin PBXShellScriptBuildPhase section */
		17C54483565DAA0C6BB28C84 /* Embed Pods Frameworks */ = {
			isa = PBXShellScriptBuildPhase;
			buildActionMask = 2147483647;
			files = (
			);
			inputPaths = (
			);
			name = "Embed Pods Frameworks";
			outputPaths = (
			);
			runOnlyForDeploymentPostprocessing = 0;
			shellPath = /bin/sh;
			shellScript = "\"${SRCROOT}/Pods/Target Support Files/Pods/Pods-frameworks.sh\"\n";
			showEnvVarsInLog = 0;
		};
		3B45E1174D23CE4184863207 /* Copy Pods Resources */ = {
			isa = PBXShellScriptBuildPhase;
			buildActionMask = 2147483647;
			files = (
			);
			inputPaths = (
			);
			name = "Copy Pods Resources";
			outputPaths = (
			);
			runOnlyForDeploymentPostprocessing = 0;
			shellPath = /bin/sh;
			shellScript = "\"${SRCROOT}/Pods/Target Support Files/Pods/Pods-resources.sh\"\n";
			showEnvVarsInLog = 0;
		};
		D78FFC5F91B364A02FF3D7CA /* Check Pods Manifest.lock */ = {
			isa = PBXShellScriptBuildPhase;
			buildActionMask = 2147483647;
			files = (
			);
			inputPaths = (
			);
			name = "Check Pods Manifest.lock";
			outputPaths = (
			);
			runOnlyForDeploymentPostprocessing = 0;
			shellPath = /bin/sh;
			shellScript = "diff \"${PODS_ROOT}/../Podfile.lock\" \"${PODS_ROOT}/Manifest.lock\" > /dev/null\nif [[ $? != 0 ]] ; then\n    cat << EOM\nerror: The sandbox is not in sync with the Podfile.lock. Run 'pod install' or update your CocoaPods installation.\nEOM\n    exit 1\nfi\n";
			showEnvVarsInLog = 0;
		};
/* End PBXShellScriptBuildPhase section */

/* Begin PBXSourcesBuildPhase section */
		E11461EF1C1170B900983BC3 /* Sources */ = {
			isa = PBXSourcesBuildPhase;
			buildActionMask = 2147483647;
			files = (
				E1751ABB1C273210000A1360 /* Activity.swift in Sources */,
				E11AC2011C1618A100479927 /* LoginViewController.swift in Sources */,
				E1CAA8091C26A7BC00AB4637 /* KnockKnockImageUtils.swift in Sources */,
				E159A8301C33DE4200EF80A4 /* PubTableViewCell.swift in Sources */,
				E159A83B1C345CE700EF80A4 /* ItiDetailsViewController.swift in Sources */,
				E11AC21F1C16E0B700479927 /* KnockKnockUtils.swift in Sources */,
				7087D50D1C27D8E90005711E /* ProfileViewController.swift in Sources */,
				E182C1FA1C19D8F100B3DF9B /* ProfilePicViewController.swift in Sources */,
				E1B95E441C368F8F00F85B8F /* ActivityDetailsTableViewCell.swift in Sources */,
				E1E4B4551C18601100242A83 /* RegisterViewController.swift in Sources */,
				E19FE1781C3D7D84009FAB48 /* MarketplaceTableViewCell.swift in Sources */,
				F6D33E001C44D8DC00F913BB /* BookingViewController.swift in Sources */,
				E187E5441C32E80800E00E5A /* ItiTableViewCell.swift in Sources */,
				E1CAA7EF1C24853600AB4637 /* ItiDaysSelectorViewController.swift in Sources */,
				E13563501C31A534003DCB6C /* CAPSPageMenu.swift in Sources */,
				F6DC5CC41C476BA500BA6776 /* MyBookingMainViewController.swift in Sources */,
				E11461F71C1170B900983BC3 /* AppDelegate.swift in Sources */,
				E159A8381C33E9E600EF80A4 /* PubTableViewController.swift in Sources */,
				E14174F51C3D7E57005E3B9A /* MarketActivityTableViewCell.swift in Sources */,
				E1CAA8051C2554A000AB4637 /* ItiActivityViewController.swift in Sources */,
				E1822CE41C27C0C500E78ED6 /* ItiPublishViewController.swift in Sources */,
				F6DC5CB11C47692F00BA6776 /* PendingTableViewCell.swift in Sources */,
				E11AC20C1C16CD3200479927 /* HomeViewController.swift in Sources */,
				E1368CD31C2336AA00A41C6F /* ItiMainViewController.swift in Sources */,
				F6DC5CC11C476A5B00BA6776 /* ConfirmedTableViewController.swift in Sources */,
				E15BF7801C3FFB6A009A3C31 /* PubDetailsEditViewController.swift in Sources */,
				E19FE17C1C3D7D8F009FAB48 /* MarketplaceViewController.swift in Sources */,
				F6DC5CB71C4769AC00BA6776 /* ConfirmedTableViewCell.swift in Sources */,
				E1CAA80B1C27053300AB4637 /* ActivityTableViewCell.swift in Sources */,
				E11AC2211C16E12C00479927 /* ParseUtils.swift in Sources */,
				E15BF77E1C3FE617009A3C31 /* ProfileChangePassViewController.swift in Sources */,
				F6DC5CBB1C4769EF00BA6776 /* PendingTableViewViewController.swift in Sources */,
				E19FE17E1C3D7DA8009FAB48 /* DetailedMarketplaceViewController.swift in Sources */,
				E1CAA8031C25501900AB4637 /* ItiActivitiesViewController.swift in Sources */,
				E1C1A6651C1C3635005796E8 /* KnockKnockRule.swift in Sources */,
				E15BF77C1C3FE191009A3C31 /* ProfileEditViewController.swift in Sources */,
				E19FE1761C3D7D74009FAB48 /* Marketplace.swift in Sources */,
				E187E5511C32F29100E00E5A /* ItiTableViewController.swift in Sources */,
				E1B95E461C36C14600F85B8F /* PubDetailsViewController.swift in Sources */,
				E1E4B4461C17291000242A83 /* ForgetViewController.swift in Sources */,
				E1CAA7ED1C23E95C00AB4637 /* ItiSummaryViewController.swift in Sources */,
			);
			runOnlyForDeploymentPostprocessing = 0;
		};
		E11462051C1170B900983BC3 /* Sources */ = {
			isa = PBXSourcesBuildPhase;
			buildActionMask = 2147483647;
			files = (
				E114620E1C1170BA00983BC3 /* KnockKnockTests.swift in Sources */,
			);
			runOnlyForDeploymentPostprocessing = 0;
		};
		E11462101C1170BA00983BC3 /* Sources */ = {
			isa = PBXSourcesBuildPhase;
			buildActionMask = 2147483647;
			files = (
				E11462191C1170BA00983BC3 /* KnockKnockUITests.swift in Sources */,
			);
			runOnlyForDeploymentPostprocessing = 0;
		};
/* End PBXSourcesBuildPhase section */

/* Begin PBXTargetDependency section */
		E114620B1C1170B900983BC3 /* PBXTargetDependency */ = {
			isa = PBXTargetDependency;
			target = E11461F21C1170B900983BC3 /* KnockKnock */;
			targetProxy = E114620A1C1170B900983BC3 /* PBXContainerItemProxy */;
		};
		E11462161C1170BA00983BC3 /* PBXTargetDependency */ = {
			isa = PBXTargetDependency;
			target = E11461F21C1170B900983BC3 /* KnockKnock */;
			targetProxy = E11462151C1170BA00983BC3 /* PBXContainerItemProxy */;
		};
/* End PBXTargetDependency section */

/* Begin PBXVariantGroup section */
		E11461FC1C1170B900983BC3 /* Main.storyboard */ = {
			isa = PBXVariantGroup;
			children = (
				E11461FD1C1170B900983BC3 /* Base */,
			);
			name = Main.storyboard;
			sourceTree = "<group>";
		};
		E11462011C1170B900983BC3 /* LaunchScreen.storyboard */ = {
			isa = PBXVariantGroup;
			children = (
				E11462021C1170B900983BC3 /* Base */,
			);
			name = LaunchScreen.storyboard;
			sourceTree = "<group>";
		};
		E16B357A1C1CC9D4003897EF /* Profile.storyboard */ = {
			isa = PBXVariantGroup;
			children = (
				E16B357B1C1CC9D4003897EF /* Base */,
			);
			name = Profile.storyboard;
			sourceTree = "<group>";
		};
		E16B35841C1CCC65003897EF /* MarketPlace.storyboard */ = {
			isa = PBXVariantGroup;
			children = (
				E16B35851C1CCC65003897EF /* Base */,
			);
			name = MarketPlace.storyboard;
			sourceTree = "<group>";
		};
/* End PBXVariantGroup section */

/* Begin XCBuildConfiguration section */
		E114621B1C1170BA00983BC3 /* Debug */ = {
			isa = XCBuildConfiguration;
			buildSettings = {
				ALWAYS_SEARCH_USER_PATHS = NO;
				CLANG_CXX_LANGUAGE_STANDARD = "gnu++0x";
				CLANG_CXX_LIBRARY = "libc++";
				CLANG_ENABLE_MODULES = YES;
				CLANG_ENABLE_OBJC_ARC = YES;
				CLANG_WARN_BOOL_CONVERSION = YES;
				CLANG_WARN_CONSTANT_CONVERSION = YES;
				CLANG_WARN_DIRECT_OBJC_ISA_USAGE = YES_ERROR;
				CLANG_WARN_EMPTY_BODY = YES;
				CLANG_WARN_ENUM_CONVERSION = YES;
				CLANG_WARN_INT_CONVERSION = YES;
				CLANG_WARN_OBJC_ROOT_CLASS = YES_ERROR;
				CLANG_WARN_UNREACHABLE_CODE = YES;
				CLANG_WARN__DUPLICATE_METHOD_MATCH = YES;
				"CODE_SIGN_IDENTITY[sdk=iphoneos*]" = "iPhone Developer";
				COPY_PHASE_STRIP = NO;
				DEBUG_INFORMATION_FORMAT = dwarf;
				ENABLE_STRICT_OBJC_MSGSEND = YES;
				ENABLE_TESTABILITY = YES;
				GCC_C_LANGUAGE_STANDARD = gnu99;
				GCC_DYNAMIC_NO_PIC = NO;
				GCC_NO_COMMON_BLOCKS = YES;
				GCC_OPTIMIZATION_LEVEL = 0;
				GCC_PREPROCESSOR_DEFINITIONS = (
					"DEBUG=1",
					"$(inherited)",
				);
				GCC_WARN_64_TO_32_BIT_CONVERSION = YES;
				GCC_WARN_ABOUT_RETURN_TYPE = YES_ERROR;
				GCC_WARN_UNDECLARED_SELECTOR = YES;
				GCC_WARN_UNINITIALIZED_AUTOS = YES_AGGRESSIVE;
				GCC_WARN_UNUSED_FUNCTION = YES;
				GCC_WARN_UNUSED_VARIABLE = YES;
				IPHONEOS_DEPLOYMENT_TARGET = 9.1;
				MTL_ENABLE_DEBUG_INFO = YES;
				ONLY_ACTIVE_ARCH = YES;
				SDKROOT = iphoneos;
				SWIFT_OPTIMIZATION_LEVEL = "-Onone";
			};
			name = Debug;
		};
		E114621C1C1170BA00983BC3 /* Release */ = {
			isa = XCBuildConfiguration;
			buildSettings = {
				ALWAYS_SEARCH_USER_PATHS = NO;
				CLANG_CXX_LANGUAGE_STANDARD = "gnu++0x";
				CLANG_CXX_LIBRARY = "libc++";
				CLANG_ENABLE_MODULES = YES;
				CLANG_ENABLE_OBJC_ARC = YES;
				CLANG_WARN_BOOL_CONVERSION = YES;
				CLANG_WARN_CONSTANT_CONVERSION = YES;
				CLANG_WARN_DIRECT_OBJC_ISA_USAGE = YES_ERROR;
				CLANG_WARN_EMPTY_BODY = YES;
				CLANG_WARN_ENUM_CONVERSION = YES;
				CLANG_WARN_INT_CONVERSION = YES;
				CLANG_WARN_OBJC_ROOT_CLASS = YES_ERROR;
				CLANG_WARN_UNREACHABLE_CODE = YES;
				CLANG_WARN__DUPLICATE_METHOD_MATCH = YES;
				"CODE_SIGN_IDENTITY[sdk=iphoneos*]" = "iPhone Developer";
				COPY_PHASE_STRIP = NO;
				DEBUG_INFORMATION_FORMAT = "dwarf-with-dsym";
				ENABLE_NS_ASSERTIONS = NO;
				ENABLE_STRICT_OBJC_MSGSEND = YES;
				GCC_C_LANGUAGE_STANDARD = gnu99;
				GCC_NO_COMMON_BLOCKS = YES;
				GCC_WARN_64_TO_32_BIT_CONVERSION = YES;
				GCC_WARN_ABOUT_RETURN_TYPE = YES_ERROR;
				GCC_WARN_UNDECLARED_SELECTOR = YES;
				GCC_WARN_UNINITIALIZED_AUTOS = YES_AGGRESSIVE;
				GCC_WARN_UNUSED_FUNCTION = YES;
				GCC_WARN_UNUSED_VARIABLE = YES;
				IPHONEOS_DEPLOYMENT_TARGET = 9.1;
				MTL_ENABLE_DEBUG_INFO = NO;
				SDKROOT = iphoneos;
				VALIDATE_PRODUCT = YES;
			};
			name = Release;
		};
		E114621E1C1170BA00983BC3 /* Debug */ = {
			isa = XCBuildConfiguration;
			baseConfigurationReference = 2934923C3E232A836459B32D /* Pods.debug.xcconfig */;
			buildSettings = {
				ASSETCATALOG_COMPILER_APPICON_NAME = AppIcon;
				CLANG_ENABLE_MODULES = YES;
				FRAMEWORK_SEARCH_PATHS = (
					"$(inherited)",
					"$(PROJECT_DIR)",
				);
				INFOPLIST_FILE = KnockKnock/Info.plist;
				IPHONEOS_DEPLOYMENT_TARGET = 9.1;
				LD_RUNPATH_SEARCH_PATHS = "$(inherited) @executable_path/Frameworks";
				PRODUCT_BUNDLE_IDENTIFIER = com.gen6.knockknock;
				PRODUCT_NAME = "$(TARGET_NAME)";
				SWIFT_OBJC_BRIDGING_HEADER = "KnockKnock/KnockKnock-Bridging-Header.h";
				SWIFT_OPTIMIZATION_LEVEL = "-Onone";
			};
			name = Debug;
		};
		E114621F1C1170BA00983BC3 /* Release */ = {
			isa = XCBuildConfiguration;
			baseConfigurationReference = 10AD83D3612BA182A25F67B2 /* Pods.release.xcconfig */;
			buildSettings = {
				ASSETCATALOG_COMPILER_APPICON_NAME = AppIcon;
				CLANG_ENABLE_MODULES = YES;
				FRAMEWORK_SEARCH_PATHS = (
					"$(inherited)",
					"$(PROJECT_DIR)",
				);
				INFOPLIST_FILE = KnockKnock/Info.plist;
				IPHONEOS_DEPLOYMENT_TARGET = 9.1;
				LD_RUNPATH_SEARCH_PATHS = "$(inherited) @executable_path/Frameworks";
				PRODUCT_BUNDLE_IDENTIFIER = com.gen6.knockknock;
				PRODUCT_NAME = "$(TARGET_NAME)";
				SWIFT_OBJC_BRIDGING_HEADER = "KnockKnock/KnockKnock-Bridging-Header.h";
			};
			name = Release;
		};
		E11462211C1170BA00983BC3 /* Debug */ = {
			isa = XCBuildConfiguration;
			buildSettings = {
				BUNDLE_LOADER = "$(TEST_HOST)";
				INFOPLIST_FILE = KnockKnockTests/Info.plist;
				LD_RUNPATH_SEARCH_PATHS = "$(inherited) @executable_path/Frameworks @loader_path/Frameworks";
				PRODUCT_BUNDLE_IDENTIFIER = Gen6.KnockKnockTests;
				PRODUCT_NAME = "$(TARGET_NAME)";
				TEST_HOST = "$(BUILT_PRODUCTS_DIR)/KnockKnock.app/KnockKnock";
			};
			name = Debug;
		};
		E11462221C1170BA00983BC3 /* Release */ = {
			isa = XCBuildConfiguration;
			buildSettings = {
				BUNDLE_LOADER = "$(TEST_HOST)";
				INFOPLIST_FILE = KnockKnockTests/Info.plist;
				LD_RUNPATH_SEARCH_PATHS = "$(inherited) @executable_path/Frameworks @loader_path/Frameworks";
				PRODUCT_BUNDLE_IDENTIFIER = Gen6.KnockKnockTests;
				PRODUCT_NAME = "$(TARGET_NAME)";
				TEST_HOST = "$(BUILT_PRODUCTS_DIR)/KnockKnock.app/KnockKnock";
			};
			name = Release;
		};
		E11462241C1170BA00983BC3 /* Debug */ = {
			isa = XCBuildConfiguration;
			buildSettings = {
				INFOPLIST_FILE = KnockKnockUITests/Info.plist;
				LD_RUNPATH_SEARCH_PATHS = "$(inherited) @executable_path/Frameworks @loader_path/Frameworks";
				PRODUCT_BUNDLE_IDENTIFIER = Gen6.KnockKnockUITests;
				PRODUCT_NAME = "$(TARGET_NAME)";
				TEST_TARGET_NAME = KnockKnock;
				USES_XCTRUNNER = YES;
			};
			name = Debug;
		};
		E11462251C1170BA00983BC3 /* Release */ = {
			isa = XCBuildConfiguration;
			buildSettings = {
				INFOPLIST_FILE = KnockKnockUITests/Info.plist;
				LD_RUNPATH_SEARCH_PATHS = "$(inherited) @executable_path/Frameworks @loader_path/Frameworks";
				PRODUCT_BUNDLE_IDENTIFIER = Gen6.KnockKnockUITests;
				PRODUCT_NAME = "$(TARGET_NAME)";
				TEST_TARGET_NAME = KnockKnock;
				USES_XCTRUNNER = YES;
			};
			name = Release;
		};
/* End XCBuildConfiguration section */

/* Begin XCConfigurationList section */
		E11461EE1C1170B900983BC3 /* Build configuration list for PBXProject "KnockKnock" */ = {
			isa = XCConfigurationList;
			buildConfigurations = (
				E114621B1C1170BA00983BC3 /* Debug */,
				E114621C1C1170BA00983BC3 /* Release */,
			);
			defaultConfigurationIsVisible = 0;
			defaultConfigurationName = Release;
		};
		E114621D1C1170BA00983BC3 /* Build configuration list for PBXNativeTarget "KnockKnock" */ = {
			isa = XCConfigurationList;
			buildConfigurations = (
				E114621E1C1170BA00983BC3 /* Debug */,
				E114621F1C1170BA00983BC3 /* Release */,
			);
			defaultConfigurationIsVisible = 0;
			defaultConfigurationName = Release;
		};
		E11462201C1170BA00983BC3 /* Build configuration list for PBXNativeTarget "KnockKnockTests" */ = {
			isa = XCConfigurationList;
			buildConfigurations = (
				E11462211C1170BA00983BC3 /* Debug */,
				E11462221C1170BA00983BC3 /* Release */,
			);
			defaultConfigurationIsVisible = 0;
			defaultConfigurationName = Release;
		};
		E11462231C1170BA00983BC3 /* Build configuration list for PBXNativeTarget "KnockKnockUITests" */ = {
			isa = XCConfigurationList;
			buildConfigurations = (
				E11462241C1170BA00983BC3 /* Debug */,
				E11462251C1170BA00983BC3 /* Release */,
			);
			defaultConfigurationIsVisible = 0;
			defaultConfigurationName = Release;
		};
/* End XCConfigurationList section */
	};
	rootObject = E11461EB1C1170B900983BC3 /* Project object */;
}
